// !$*UTF8*$!
{
	archiveVersion = 1;
	classes = {
	};
	objectVersion = 50;
	objects = {

/* Begin PBXBuildFile section */
		B796642C20B4AFAE00F4E1EB /* GITTEST.framework in Frameworks */ = {isa = PBXBuildFile; fileRef = B796642220B4AFAE00F4E1EB /* GITTEST.framework */; };
		B796643120B4AFAE00F4E1EB /* GITTESTTests.swift in Sources */ = {isa = PBXBuildFile; fileRef = B796643020B4AFAE00F4E1EB /* GITTESTTests.swift */; };
		B796643320B4AFAE00F4E1EB /* GITTEST.h in Headers */ = {isa = PBXBuildFile; fileRef = B796642520B4AFAE00F4E1EB /* GITTEST.h */; settings = {ATTRIBUTES = (Public, ); }; };
/* End PBXBuildFile section */

/* Begin PBXContainerItemProxy section */
		B796642D20B4AFAE00F4E1EB /* PBXContainerItemProxy */ = {
			isa = PBXContainerItemProxy;
			containerPortal = B796641920B4AFAE00F4E1EB /* Project object */;
			proxyType = 1;
			remoteGlobalIDString = B796642120B4AFAE00F4E1EB;
			remoteInfo = GITTEST;
		};
/* End PBXContainerItemProxy section */

/* Begin PBXFileReference section */
		B796642220B4AFAE00F4E1EB /* GITTEST.framework */ = {isa = PBXFileReference; explicitFileType = wrapper.framework; includeInIndex = 0; path = GITTEST.framework; sourceTree = BUILT_PRODUCTS_DIR; };
		B796642520B4AFAE00F4E1EB /* GITTEST.h */ = {isa = PBXFileReference; lastKnownFileType = sourcecode.c.h; path = GITTEST.h; sourceTree = "<group>"; };
		B796642620B4AFAE00F4E1EB /* Info.plist */ = {isa = PBXFileReference; lastKnownFileType = text.plist.xml; path = Info.plist; sourceTree = "<group>"; };
		B796642B20B4AFAE00F4E1EB /* GITTESTTests.xctest */ = {isa = PBXFileReference; explicitFileType = wrapper.cfbundle; includeInIndex = 0; path = GITTESTTests.xctest; sourceTree = BUILT_PRODUCTS_DIR; };
		B796643020B4AFAE00F4E1EB /* GITTESTTests.swift */ = {isa = PBXFileReference; lastKnownFileType = sourcecode.swift; path = GITTESTTests.swift; sourceTree = "<group>"; };
		B796643220B4AFAE00F4E1EB /* Info.plist */ = {isa = PBXFileReference; lastKnownFileType = text.plist.xml; path = Info.plist; sourceTree = "<group>"; };
/* End PBXFileReference section */

/* Begin PBXFrameworksBuildPhase section */
		B796641E20B4AFAE00F4E1EB /* Frameworks */ = {
			isa = PBXFrameworksBuildPhase;
			buildActionMask = 2147483647;
			files = (
			);
			runOnlyForDeploymentPostprocessing = 0;
		};
		B796642820B4AFAE00F4E1EB /* Frameworks */ = {
			isa = PBXFrameworksBuildPhase;
			buildActionMask = 2147483647;
			files = (
				B796642C20B4AFAE00F4E1EB /* GITTEST.framework in Frameworks */,
			);
			runOnlyForDeploymentPostprocessing = 0;
		};
/* End PBXFrameworksBuildPhase section */

/* Begin PBXGroup section */
		B796641820B4AFAE00F4E1EB = {
			isa = PBXGroup;
			children = (
				B796642420B4AFAE00F4E1EB /* GITTEST */,
				B796642F20B4AFAE00F4E1EB /* GITTESTTests */,
				B796642320B4AFAE00F4E1EB /* Products */,
			);
			sourceTree = "<group>";
		};
		B796642320B4AFAE00F4E1EB /* Products */ = {
			isa = PBXGroup;
			children = (
				B796642220B4AFAE00F4E1EB /* GITTEST.framework */,
				B796642B20B4AFAE00F4E1EB /* GITTESTTests.xctest */,
			);
			name = Products;
			sourceTree = "<group>";
		};
		B796642420B4AFAE00F4E1EB /* GITTEST */ = {
			isa = PBXGroup;
			children = (
				B796642520B4AFAE00F4E1EB /* GITTEST.h */,
				B796642620B4AFAE00F4E1EB /* Info.plist */,
			);
			path = GITTEST;
			sourceTree = "<group>";
		};
		B796642F20B4AFAE00F4E1EB /* GITTESTTests */ = {
			isa = PBXGroup;
			children = (
				B796643020B4AFAE00F4E1EB /* GITTESTTests.swift */,
				B796643220B4AFAE00F4E1EB /* Info.plist */,
			);
			path = GITTESTTests;
			sourceTree = "<group>";
		};
/* End PBXGroup section */

/* Begin PBXHeadersBuildPhase section */
		B796641F20B4AFAE00F4E1EB /* Headers */ = {
			isa = PBXHeadersBuildPhase;
			buildActionMask = 2147483647;
			files = (
				B796643320B4AFAE00F4E1EB /* GITTEST.h in Headers */,
			);
			runOnlyForDeploymentPostprocessing = 0;
		};
/* End PBXHeadersBuildPhase section */

/* Begin PBXNativeTarget section */
		B796642120B4AFAE00F4E1EB /* GITTEST */ = {
			isa = PBXNativeTarget;
			buildConfigurationList = B796643620B4AFAE00F4E1EB /* Build configuration list for PBXNativeTarget "GITTEST" */;
			buildPhases = (
				B796641D20B4AFAE00F4E1EB /* Sources */,
				B796641E20B4AFAE00F4E1EB /* Frameworks */,
				B796641F20B4AFAE00F4E1EB /* Headers */,
				B796642020B4AFAE00F4E1EB /* Resources */,
			);
			buildRules = (
			);
			dependencies = (
			);
			name = GITTEST;
			productName = GITTEST;
			productReference = B796642220B4AFAE00F4E1EB /* GITTEST.framework */;
			productType = "com.apple.product-type.framework";
		};
		B796642A20B4AFAE00F4E1EB /* GITTESTTests */ = {
			isa = PBXNativeTarget;
			buildConfigurationList = B796643920B4AFAE00F4E1EB /* Build configuration list for PBXNativeTarget "GITTESTTests" */;
			buildPhases = (
				B796642720B4AFAE00F4E1EB /* Sources */,
				B796642820B4AFAE00F4E1EB /* Frameworks */,
				B796642920B4AFAE00F4E1EB /* Resources */,
			);
			buildRules = (
			);
			dependencies = (
				B796642E20B4AFAE00F4E1EB /* PBXTargetDependency */,
			);
			name = GITTESTTests;
			productName = GITTESTTests;
			productReference = B796642B20B4AFAE00F4E1EB /* GITTESTTests.xctest */;
			productType = "com.apple.product-type.bundle.unit-test";
		};
/* End PBXNativeTarget section */

/* Begin PBXProject section */
		B796641920B4AFAE00F4E1EB /* Project object */ = {
			isa = PBXProject;
			attributes = {
				LastSwiftUpdateCheck = 0930;
				LastUpgradeCheck = 0930;
				ORGANIZATIONNAME = "Praveen Ambekar";
				TargetAttributes = {
					B796642120B4AFAE00F4E1EB = {
						CreatedOnToolsVersion = 9.3;
					};
					B796642A20B4AFAE00F4E1EB = {
						CreatedOnToolsVersion = 9.3;
					};
				};
			};
			buildConfigurationList = B796641C20B4AFAE00F4E1EB /* Build configuration list for PBXProject "GITTEST" */;
			compatibilityVersion = "Xcode 9.3";
			developmentRegion = en;
			hasScannedForEncodings = 0;
			knownRegions = (
				en,
			);
			mainGroup = B796641820B4AFAE00F4E1EB;
			productRefGroup = B796642320B4AFAE00F4E1EB /* Products */;
			projectDirPath = "";
			projectRoot = "";
			targets = (
				B796642120B4AFAE00F4E1EB /* GITTEST */,
				B796642A20B4AFAE00F4E1EB /* GITTESTTests */,
			);
		};
/* End PBXProject section */

/* Begin PBXResourcesBuildPhase section */
		B796642020B4AFAE00F4E1EB /* Resources */ = {
			isa = PBXResourcesBuildPhase;
			buildActionMask = 2147483647;
			files = (
			);
			runOnlyForDeploymentPostprocessing = 0;
		};
		B796642920B4AFAE00F4E1EB /* Resources */ = {
			isa = PBXResourcesBuildPhase;
			buildActionMask = 2147483647;
			files = (
			);
			runOnlyForDeploymentPostprocessing = 0;
		};
/* End PBXResourcesBuildPhase section */

/* Begin PBXSourcesBuildPhase section */
		B796641D20B4AFAE00F4E1EB /* Sources */ = {
			isa = PBXSourcesBuildPhase;
			buildActionMask = 2147483647;
			files = (
			);
			runOnlyForDeploymentPostprocessing = 0;
		};
		B796642720B4AFAE00F4E1EB /* Sources */ = {
			isa = PBXSourcesBuildPhase;
			buildActionMask = 2147483647;
			files = (
				B796643120B4AFAE00F4E1EB /* GITTESTTests.swift in Sources */,
			);
			runOnlyForDeploymentPostprocessing = 0;
		};
/* End PBXSourcesBuildPhase section */

/* Begin PBXTargetDependency section */
		B796642E20B4AFAE00F4E1EB /* PBXTargetDependency */ = {
			isa = PBXTargetDependency;
			target = B796642120B4AFAE00F4E1EB /* GITTEST */;
			targetProxy = B796642D20B4AFAE00F4E1EB /* PBXContainerItemProxy */;
		};
/* End PBXTargetDependency section */

/* Begin XCBuildConfiguration section */
		B796643420B4AFAE00F4E1EB /* Debug */ = {
			isa = XCBuildConfiguration;
			buildSettings = {
				ALWAYS_SEARCH_USER_PATHS = NO;
				CLANG_ANALYZER_NONNULL = YES;
				CLANG_ANALYZER_NUMBER_OBJECT_CONVERSION = YES_AGGRESSIVE;
				CLANG_CXX_LANGUAGE_STANDARD = "gnu++14";
				CLANG_CXX_LIBRARY = "libc++";
				CLANG_ENABLE_MODULES = YES;
				CLANG_ENABLE_OBJC_ARC = YES;
				CLANG_ENABLE_OBJC_WEAK = YES;
				CLANG_WARN_BLOCK_CAPTURE_AUTORELEASING = YES;
				CLANG_WARN_BOOL_CONVERSION = YES;
				CLANG_WARN_COMMA = YES;
				CLANG_WARN_CONSTANT_CONVERSION = YES;
				CLANG_WARN_DEPRECATED_OBJC_IMPLEMENTATIONS = YES;
				CLANG_WARN_DIRECT_OBJC_ISA_USAGE = YES_ERROR;
				CLANG_WARN_DOCUMENTATION_COMMENTS = YES;
				CLANG_WARN_EMPTY_BODY = YES;
				CLANG_WARN_ENUM_CONVERSION = YES;
				CLANG_WARN_INFINITE_RECURSION = YES;
				CLANG_WARN_INT_CONVERSION = YES;
				CLANG_WARN_NON_LITERAL_NULL_CONVERSION = YES;
				CLANG_WARN_OBJC_IMPLICIT_RETAIN_SELF = YES;
				CLANG_WARN_OBJC_LITERAL_CONVERSION = YES;
				CLANG_WARN_OBJC_ROOT_CLASS = YES_ERROR;
				CLANG_WARN_RANGE_LOOP_ANALYSIS = YES;
				CLANG_WARN_STRICT_PROTOTYPES = YES;
				CLANG_WARN_SUSPICIOUS_MOVE = YES;
				CLANG_WARN_UNGUARDED_AVAILABILITY = YES_AGGRESSIVE;
				CLANG_WARN_UNREACHABLE_CODE = YES;
				CLANG_WARN__DUPLICATE_METHOD_MATCH = YES;
				CODE_SIGN_IDENTITY = "iPhone Developer";
				COPY_PHASE_STRIP = NO;
				CURRENT_PROJECT_VERSION = 1;
				DEBUG_INFORMATION_FORMAT = dwarf;
				ENABLE_STRICT_OBJC_MSGSEND = YES;
				ENABLE_TESTABILITY = YES;
				GCC_C_LANGUAGE_STANDARD = gnu11;
				GCC_DYNAMIC_NO_PIC = NO;
				GCC_NO_COMMON_BLOCKS = YES;
				GCC_OPTIMIZATION_LEVEL = 0;
				GCC_PREPROCESSOR_DEFINITIONS = (
					"DEBUG=1",
					"$(inherited)",
				);
				GCC_WARN_64_TO_32_BIT_CONVERSION = YES;
				GCC_WARN_ABOUT_RETURN_TYPE = YES_ERROR;
				GCC_WARN_UNDECLARED_SELECTOR = YES;
				GCC_WARN_UNINITIALIZED_AUTOS = YES_AGGRESSIVE;
				GCC_WARN_UNUSED_FUNCTION = YES;
				GCC_WARN_UNUSED_VARIABLE = YES;
				IPHONEOS_DEPLOYMENT_TARGET = 11.3;
				MTL_ENABLE_DEBUG_INFO = YES;
				ONLY_ACTIVE_ARCH = YES;
				SDKROOT = iphoneos;
				SWIFT_ACTIVE_COMPILATION_CONDITIONS = DEBUG;
				SWIFT_OPTIMIZATION_LEVEL = "-Onone";
				VERSIONING_SYSTEM = "apple-generic";
				VERSION_INFO_PREFIX = "";
			};
			name = Debug;
		};
		B796643520B4AFAE00F4E1EB /* Release */ = {
			isa = XCBuildConfiguration;
			buildSettings = {
				ALWAYS_SEARCH_USER_PATHS = NO;
				CLANG_ANALYZER_NONNULL = YES;
				CLANG_ANALYZER_NUMBER_OBJECT_CONVERSION = YES_AGGRESSIVE;
				CLANG_CXX_LANGUAGE_STANDARD = "gnu++14";
				CLANG_CXX_LIBRARY = "libc++";
				CLANG_ENABLE_MODULES = YES;
				CLANG_ENABLE_OBJC_ARC = YES;
				CLANG_ENABLE_OBJC_WEAK = YES;
				CLANG_WARN_BLOCK_CAPTURE_AUTORELEASING = YES;
				CLANG_WARN_BOOL_CONVERSION = YES;
				CLANG_WARN_COMMA = YES;
				CLANG_WARN_CONSTANT_CONVERSION = YES;
				CLANG_WARN_DEPRECATED_OBJC_IMPLEMENTATIONS = YES;
				CLANG_WARN_DIRECT_OBJC_ISA_USAGE = YES_ERROR;
				CLANG_WARN_DOCUMENTATION_COMMENTS = YES;
				CLANG_WARN_EMPTY_BODY = YES;
				CLANG_WARN_ENUM_CONVERSION = YES;
				CLANG_WARN_INFINITE_RECURSION = YES;
				CLANG_WARN_INT_CONVERSION = YES;
				CLANG_WARN_NON_LITERAL_NULL_CONVERSION = YES;
				CLANG_WARN_OBJC_IMPLICIT_RETAIN_SELF = YES;
				CLANG_WARN_OBJC_LITERAL_CONVERSION = YES;
				CLANG_WARN_OBJC_ROOT_CLASS = YES_ERROR;
				CLANG_WARN_RANGE_LOOP_ANALYSIS = YES;
				CLANG_WARN_STRICT_PROTOTYPES = YES;
				CLANG_WARN_SUSPICIOUS_MOVE = YES;
				CLANG_WARN_UNGUARDED_AVAILABILITY = YES_AGGRESSIVE;
				CLANG_WARN_UNREACHABLE_CODE = YES;
				CLANG_WARN__DUPLICATE_METHOD_MATCH = YES;
				CODE_SIGN_IDENTITY = "iPhone Developer";
				COPY_PHASE_STRIP = NO;
				CURRENT_PROJECT_VERSION = 1;
				DEBUG_INFORMATION_FORMAT = "dwarf-with-dsym";
				ENABLE_NS_ASSERTIONS = NO;
				ENABLE_STRICT_OBJC_MSGSEND = YES;
				GCC_C_LANGUAGE_STANDARD = gnu11;
				GCC_NO_COMMON_BLOCKS = YES;
				GCC_WARN_64_TO_32_BIT_CONVERSION = YES;
				GCC_WARN_ABOUT_RETURN_TYPE = YES_ERROR;
				GCC_WARN_UNDECLARED_SELECTOR = YES;
				GCC_WARN_UNINITIALIZED_AUTOS = YES_AGGRESSIVE;
				GCC_WARN_UNUSED_FUNCTION = YES;
				GCC_WARN_UNUSED_VARIABLE = YES;
				IPHONEOS_DEPLOYMENT_TARGET = 11.3;
				MTL_ENABLE_DEBUG_INFO = NO;
				SDKROOT = iphoneos;
				SWIFT_COMPILATION_MODE = wholemodule;
				SWIFT_OPTIMIZATION_LEVEL = "-O";
				VALIDATE_PRODUCT = YES;
				VERSIONING_SYSTEM = "apple-generic";
				VERSION_INFO_PREFIX = "";
			};
			name = Release;
		};
		B796643720B4AFAE00F4E1EB /* Debug */ = {
			isa = XCBuildConfiguration;
			buildSettings = {
				CODE_SIGN_IDENTITY = "";
				CODE_SIGN_STYLE = Automatic;
				DEFINES_MODULE = YES;
				DYLIB_COMPATIBILITY_VERSION = 1;
				DYLIB_CURRENT_VERSION = 1;
				DYLIB_INSTALL_NAME_BASE = "@rpath";
				INFOPLIST_FILE = GITTEST/Info.plist;
				INSTALL_PATH = "$(LOCAL_LIBRARY_DIR)/Frameworks";
				LD_RUNPATH_SEARCH_PATHS = (
					"$(inherited)",
					"@executable_path/Frameworks",
					"@loader_path/Frameworks",
				);
				PRODUCT_BUNDLE_IDENTIFIER = com.frostbank.GITTEST;
				PRODUCT_NAME = "$(TARGET_NAME:c99extidentifier)";
				SKIP_INSTALL = YES;
				SWIFT_VERSION = 4.0;
				TARGETED_DEVICE_FAMILY = "1,2";
			};
			name = Debug;
		};
		B796643820B4AFAE00F4E1EB /* Release */ = {
			isa = XCBuildConfiguration;
			buildSettings = {
				CODE_SIGN_IDENTITY = "";
				CODE_SIGN_STYLE = Automatic;
				DEFINES_MODULE = YES;
				DYLIB_COMPATIBILITY_VERSION = 1;
				DYLIB_CURRENT_VERSION = 1;
				DYLIB_INSTALL_NAME_BASE = "@rpath";
				INFOPLIST_FILE = GITTEST/Info.plist;
				INSTALL_PATH = "$(LOCAL_LIBRARY_DIR)/Frameworks";
				LD_RUNPATH_SEARCH_PATHS = (
					"$(inherited)",
					"@executable_path/Frameworks",
					"@loader_path/Frameworks",
				);
				PRODUCT_BUNDLE_IDENTIFIER = com.frostbank.GITTEST;
				PRODUCT_NAME = "$(TARGET_NAME:c99extidentifier)";
				SKIP_INSTALL = YES;
				SWIFT_VERSION = 4.0;
				TARGETED_DEVICE_FAMILY = "1,2";
			};
			name = Release;
		};
		B796643A20B4AFAE00F4E1EB /* Debug */ = {
			isa = XCBuildConfiguration;
			buildSettings = {
				CODE_SIGN_STYLE = Automatic;
				INFOPLIST_FILE = GITTESTTests/Info.plist;
				LD_RUNPATH_SEARCH_PATHS = (
					"$(inherited)",
					"@executable_path/Frameworks",
					"@loader_path/Frameworks",
				);
				PRODUCT_BUNDLE_IDENTIFIER = com.frostbank.GITTESTTests;
				PRODUCT_NAME = "$(TARGET_NAME)";
				SWIFT_VERSION = 4.0;
				TARGETED_DEVICE_FAMILY = "1,2";
			};
			name = Debug;
		};
		B796643B20B4AFAE00F4E1EB /* Release */ = {
			isa = XCBuildConfiguration;
			buildSettings = {
				CODE_SIGN_STYLE = Automatic;
				INFOPLIST_FILE = GITTESTTests/Info.plist;
				LD_RUNPATH_SEARCH_PATHS = (
					"$(inherited)",
					"@executable_path/Frameworks",
					"@loader_path/Frameworks",
				);
				PRODUCT_BUNDLE_IDENTIFIER = com.frostbank.GITTESTTests;
				PRODUCT_NAME = "$(TARGET_NAME)";
				SWIFT_VERSION = 4.0;
				TARGETED_DEVICE_FAMILY = "1,2";
			};
			name = Release;
		};
/* End XCBuildConfiguration section */

/* Begin XCConfigurationList section */
		B796641C20B4AFAE00F4E1EB /* Build configuration list for PBXProject "GITTEST" */ = {
			isa = XCConfigurationList;
			buildConfigurations = (
				B796643420B4AFAE00F4E1EB /* Debug */,
				B796643520B4AFAE00F4E1EB /* Release */,
			);
			defaultConfigurationIsVisible = 0;
			defaultConfigurationName = Release;
		};
		B796643620B4AFAE00F4E1EB /* Build configuration list for PBXNativeTarget "GITTEST" */ = {
			isa = XCConfigurationList;
			buildConfigurations = (
				B796643720B4AFAE00F4E1EB /* Debug */,
				B796643820B4AFAE00F4E1EB /* Release */,
			);
			defaultConfigurationIsVisible = 0;
			defaultConfigurationName = Release;
		};
		B796643920B4AFAE00F4E1EB /* Build configuration list for PBXNativeTarget "GITTESTTests" */ = {
			isa = XCConfigurationList;
			buildConfigurations = (
				B796643A20B4AFAE00F4E1EB /* Debug */,
				B796643B20B4AFAE00F4E1EB /* Release */,
			);
			defaultConfigurationIsVisible = 0;
			defaultConfigurationName = Release;
		};
/* End XCConfigurationList section */
	};
	rootObject = B796641920B4AFAE00F4E1EB /* Project object */;
}
